
Microsoft Visual Studio Solution File, Format Version 12.00
# Visual Studio Version 16
VisualStudioVersion = 16.0.29201.188
MinimumVisualStudioVersion = 10.0.40219.1
Project("{9A19103F-16F7-4668-BE54-9A1E7A4F7556}") = "HelloScript", "HelloScript\HelloScript.csproj", "{980EB42D-5A6D-4592-ABBC-7A422B76EE61}"
EndProject
Project("{9A19103F-16F7-4668-BE54-9A1E7A4F7556}") = "HelloSequence", "HelloSequence\HelloSequence.csproj", "{28763F45-6F07-40D6-BDE0-ABBB539B5511}"
EndProject
Project("{9A19103F-16F7-4668-BE54-9A1E7A4F7556}") = "ExampleUtil", "ExampleUtil\ExampleUtil.csproj", "{635137C4-C68E-42F1-88C7-D32A37CDD7D5}"
EndProject
Project("{9A19103F-16F7-4668-BE54-9A1E7A4F7556}") = "HelloSubClass", "HelloSubClass\HelloSubClass.csproj", "{B2F1DB6E-02E7-45A2-A4D6-9D4528BEC419}"
EndProject
Project("{9A19103F-16F7-4668-BE54-9A1E7A4F7556}") = "HelloInterface", "HelloInterface\HelloInterface.csproj", "{36222678-F1F1-4495-AAF2-6204F5E02A0C}"
EndProject
Global
	GlobalSection(SolutionConfigurationPlatforms) = preSolution
		Debug|Any CPU = Debug|Any CPU
		Release|Any CPU = Release|Any CPU
	EndGlobalSection
	GlobalSection(ProjectConfigurationPlatforms) = postSolution
		{980EB42D-5A6D-4592-ABBC-7A422B76EE61}.Debug|Any CPU.ActiveCfg = Debug|Any CPU
		{980EB42D-5A6D-4592-ABBC-7A422B76EE61}.Debug|Any CPU.Build.0 = Debug|Any CPU
		{980EB42D-5A6D-4592-ABBC-7A422B76EE61}.Release|Any CPU.ActiveCfg = Release|Any CPU
		{980EB42D-5A6D-4592-ABBC-7A422B76EE61}.Release|Any CPU.Build.0 = Release|Any CPU
		{28763F45-6F07-40D6-BDE0-ABBB539B5511}.Debug|Any CPU.ActiveCfg = Debug|Any CPU
		{28763F45-6F07-40D6-BDE0-ABBB539B5511}.Debug|Any CPU.Build.0 = Debug|Any CPU
		{28763F45-6F07-40D6-BDE0-ABBB539B5511}.Release|Any CPU.ActiveCfg = Release|Any CPU
		{28763F45-6F07-40D6-BDE0-ABBB539B5511}.Release|Any CPU.Build.0 = Release|Any CPU
		{635137C4-C68E-42F1-88C7-D32A37CDD7D5}.Debug|Any CPU.ActiveCfg = Debug|Any CPU
		{635137C4-C68E-42F1-88C7-D32A37CDD7D5}.Debug|Any CPU.Build.0 = Debug|Any CPU
		{635137C4-C68E-42F1-88C7-D32A37CDD7D5}.Release|Any CPU.ActiveCfg = Release|Any CPU
		{635137C4-C68E-42F1-88C7-D32A37CDD7D5}.Release|Any CPU.Build.0 = Release|Any CPU
		{B2F1DB6E-02E7-45A2-A4D6-9D4528BEC419}.Debug|Any CPU.ActiveCfg = Debug|Any CPU
		{B2F1DB6E-02E7-45A2-A4D6-9D4528BEC419}.Debug|Any CPU.Build.0 = Debug|Any CPU
		{B2F1DB6E-02E7-45A2-A4D6-9D4528BEC419}.Release|Any CPU.ActiveCfg = Release|Any CPU
		{B2F1DB6E-02E7-45A2-A4D6-9D4528BEC419}.Release|Any CPU.Build.0 = Release|Any CPU
		{36222678-F1F1-4495-AAF2-6204F5E02A0C}.Debug|Any CPU.ActiveCfg = Debug|Any CPU
		{36222678-F1F1-4495-AAF2-6204F5E02A0C}.Debug|Any CPU.Build.0 = Debug|Any CPU
		{36222678-F1F1-4495-AAF2-6204F5E02A0C}.Release|Any CPU.ActiveCfg = Release|Any CPU
		{36222678-F1F1-4495-AAF2-6204F5E02A0C}.Release|Any CPU.Build.0 = Release|Any CPU
	EndGlobalSection
	GlobalSection(SolutionProperties) = preSolution
		HideSolutionNode = FALSE
	EndGlobalSection
	GlobalSection(ExtensibilityGlobals) = postSolution
		SolutionGuid = {F96ADA32-177F-49F7-9A3E-051034928ADE}
	EndGlobalSection
EndGlobal
